
Microsoft Visual Studio Solution File, Format Version 12.00
# Visual Studio Version 17
VisualStudioVersion = 17.13.35919.96 d17.13
MinimumVisualStudioVersion = 10.0.40219.1
Project("{FAE04EC0-301F-11D3-BF4B-00C04F79EFBC}") = "Solitaire", "Solitaire.csproj", "{0AD5569C-014F-4090-8542-C75FC713BCBC}"
EndProject
Global
	GlobalSection(SolutionConfigurationPlatforms) = preSolution
		Debug|Any CPU = Debug|Any CPU
		Release|Any CPU = Release|Any CPU
	EndGlobalSection
	GlobalSection(ProjectConfigurationPlatforms) = postSolution
		{0AD5569C-014F-4090-8542-C75FC713BCBC}.Debug|Any CPU.ActiveCfg = Debug|Any CPU
		{0AD5569C-014F-4090-8542-C75FC713BCBC}.Debug|Any CPU.Build.0 = Debug|Any CPU
		{0AD5569C-014F-4090-8542-C75FC713BCBC}.Release|Any CPU.ActiveCfg = Release|Any CPU
		{0AD5569C-014F-4090-8542-C75FC713BCBC}.Release|Any CPU.Build.0 = Release|Any CPU
	EndGlobalSection
	GlobalSection(SolutionProperties) = preSolution
		HideSolutionNode = FALSE
	EndGlobalSection
	GlobalSection(ExtensibilityGlobals) = postSolution
		SolutionGuid = {91227BF5-3C3E-4410-9D29-45A3B1F5EA12}
	EndGlobalSection
EndGlobal
